# This file is generated by running "yarn install" inside your project.
# Manual changes might be lost - proceed with caution!

__metadata:
  version: 4
  cacheKey: 7

"@assemblyscript/loader@npm:^0.18.14":
  version: 0.18.14
  resolution: "@assemblyscript/loader@npm:0.18.14"
  checksum: 5c71062be00a35765b5d5d8fb62191d570f8fb6d82504a19e2ca93ff039a6f0704c99496d74703bd7f055c1bd588f9f0c9b8797d1c9f9cb6497eb1cbd4374d93
  languageName: node
  linkType: hard

"assemblyscript@npm:^0.18.14":
  version: 0.18.14
  resolution: "assemblyscript@npm:0.18.14"
  dependencies:
    binaryen: 100.0.0
    long: ^4.0.0
  bin:
    asc: bin/asc
    asinit: bin/asinit
  checksum: dc6772fdda0eaec18c102fbc569347ef38cf0cc87d78080e5841cb03af4d8482642b430fc51157ea61350bdb939712d72367bfe2b7d6a2706aa216aa8a854d2c
  languageName: node
  linkType: hard

"binaryen@npm:100.0.0":
  version: 100.0.0
  resolution: "binaryen@npm:100.0.0"
  bin:
    wasm-opt: bin/wasm-opt
  checksum: 8e0b0a3120a3f0597af277900940ea2a16588f20d0841215442581e8f3a21cc5c64cc564c8c1f5a3d8c4b9b318b78ae6000469ae7e63c28ba3f50c8e8e8295c1
  languageName: node
  linkType: hard

"fromentries@npm:^1.3.2":
  version: 1.3.2
  resolution: "fromentries@npm:1.3.2"
  checksum: 5cc722e4e3fd333ba75f31dd3ef80b4a6c405d8814e86e343b4676c1483c00f4f29b39aca462d268e918b3316a4fb03cea8022458fd8ad965f251362a129783f
  languageName: node
  linkType: hard

"husky@npm:^5.1.3":
  version: 5.1.3
  resolution: "husky@npm:5.1.3"
  bin:
    husky: lib/bin.js
  checksum: 99baafebe710d3d9008d7e8523a2bba28b73acb71d92c22dfb05cd0fb38160c7d47594b5178ad1979032e1c7334afbc96f6137c3879a5c6c24ee339c74dd972b
  languageName: node
  linkType: hard

"long@npm:^4.0.0":
  version: 4.0.0
  resolution: "long@npm:4.0.0"
  checksum: 9cebc1ee8b9ea15278c977f61250ac41becdf7216104905f0d198c147ed2a7a090a2d83bb212878d3dc3ccb0199e6428862f848ec4b0ecfeab4dfe24eccf21b3
  languageName: node
  linkType: hard

"pinst@npm:^2.0.0":
  version: 2.1.6
  resolution: "pinst@npm:2.1.6"
  dependencies:
    fromentries: ^1.3.2
  bin:
    pinst: bin.js
  checksum: ac950620de58cec8a2d601b79186e04f7a166c3df82a7a25fe2ca3c1ea38710fa881640e788fa8f81f13b17f38f646d17360c8266f12ae7682bf0ae420786b61
  languageName: node
  linkType: hard

"root-workspace-0b6124@workspace:.":
  version: 0.0.0-use.local
  resolution: "root-workspace-0b6124@workspace:."
  dependencies:
    "@assemblyscript/loader": ^0.18.14
    assemblyscript: ^0.18.14
    husky: ^5.1.3
    pinst: ^2.0.0
  languageName: unknown
  linkType: soft
