# This file is generated by running "yarn install" inside your project.
# Manual changes might be lost - proceed with caution!

__metadata:
  version: 4
  cacheKey: 7

"husky@npm:^5.1.3":
  version: 5.1.3
  resolution: "husky@npm:5.1.3"
  bin:
    husky: lib/bin.js
  checksum: 99baafebe710d3d9008d7e8523a2bba28b73acb71d92c22dfb05cd0fb38160c7d47594b5178ad1979032e1c7334afbc96f6137c3879a5c6c24ee339c74dd972b
  languageName: node
  linkType: hard

"root-workspace-0b6124@workspace:.":
  version: 0.0.0-use.local
  resolution: "root-workspace-0b6124@workspace:."
  dependencies:
    husky: ^5.1.3
  languageName: unknown
  linkType: soft
